
Microsoft Visual Studio Solution File, Format Version 12.00
# Visual Studio 14
VisualStudioVersion = 14.0.24720.0
MinimumVisualStudioVersion = 10.0.40219.1
Project("{FAE04EC0-301F-11D3-BF4B-00C04F79EFBC}") = "ByteFarm.OpenBionics.Contrib.BlenderInfo", "ByteFarm.OpenBionics.Contrib.BlenderInfo\ByteFarm.OpenBionics.Contrib.BlenderInfo.csproj", "{5B594EF4-3025-4D1F-8B88-56F9D052CFE0}"
EndProject
Global
	GlobalSection(SolutionConfigurationPlatforms) = preSolution
		Debug|Any CPU = Debug|Any CPU
		Release|Any CPU = Release|Any CPU
	EndGlobalSection
	GlobalSection(ProjectConfigurationPlatforms) = postSolution
		{5B594EF4-3025-4D1F-8B88-56F9D052CFE0}.Debug|Any CPU.ActiveCfg = Debug|Any CPU
		{5B594EF4-3025-4D1F-8B88-56F9D052CFE0}.Debug|Any CPU.Build.0 = Debug|Any CPU
		{5B594EF4-3025-4D1F-8B88-56F9D052CFE0}.Release|Any CPU.ActiveCfg = Release|Any CPU
		{5B594EF4-3025-4D1F-8B88-56F9D052CFE0}.Release|Any CPU.Build.0 = Release|Any CPU
	EndGlobalSection
	GlobalSection(SolutionProperties) = preSolution
		HideSolutionNode = FALSE
	EndGlobalSection
EndGlobal
